
Microsoft Visual Studio Solution File, Format Version 12.00
# Visual Studio Version 17
VisualStudioVersion = 17.4.33403.182
MinimumVisualStudioVersion = 10.0.40219.1
Project("{FAE04EC0-301F-11D3-BF4B-00C04F79EFBC}") = "PRACTICE", "PRACTICE\PRACTICE.csproj", "{E4360F1E-E6B7-4AA3-8E13-144B5F9A5792}"
EndProject
Global
	GlobalSection(SolutionConfigurationPlatforms) = preSolution
		Debug|Any CPU = Debug|Any CPU
		Release|Any CPU = Release|Any CPU
	EndGlobalSection
	GlobalSection(ProjectConfigurationPlatforms) = postSolution
		{E4360F1E-E6B7-4AA3-8E13-144B5F9A5792}.Debug|Any CPU.ActiveCfg = Debug|Any CPU
		{E4360F1E-E6B7-4AA3-8E13-144B5F9A5792}.Debug|Any CPU.Build.0 = Debug|Any CPU
		{E4360F1E-E6B7-4AA3-8E13-144B5F9A5792}.Release|Any CPU.ActiveCfg = Release|Any CPU
		{E4360F1E-E6B7-4AA3-8E13-144B5F9A5792}.Release|Any CPU.Build.0 = Release|Any CPU
	EndGlobalSection
	GlobalSection(SolutionProperties) = preSolution
		HideSolutionNode = FALSE
	EndGlobalSection
	GlobalSection(ExtensibilityGlobals) = postSolution
		SolutionGuid = {E4A40A46-C170-44C7-AAD0-73DDE1E7901C}
	EndGlobalSection
EndGlobal
