
Microsoft Visual Studio Solution File, Format Version 12.00
# Visual Studio Version 17
VisualStudioVersion = 17.4.33403.182
MinimumVisualStudioVersion = 10.0.40219.1
Project("{FAE04EC0-301F-11D3-BF4B-00C04F79EFBC}") = "COMBOBOX_WITH_DB", "COMBOBOX_WITH_DB\COMBOBOX_WITH_DB.csproj", "{1A68E768-1F5B-44FC-9D61-361D075FEB46}"
EndProject
Global
	GlobalSection(SolutionConfigurationPlatforms) = preSolution
		Debug|Any CPU = Debug|Any CPU
		Release|Any CPU = Release|Any CPU
	EndGlobalSection
	GlobalSection(ProjectConfigurationPlatforms) = postSolution
		{1A68E768-1F5B-44FC-9D61-361D075FEB46}.Debug|Any CPU.ActiveCfg = Debug|Any CPU
		{1A68E768-1F5B-44FC-9D61-361D075FEB46}.Debug|Any CPU.Build.0 = Debug|Any CPU
		{1A68E768-1F5B-44FC-9D61-361D075FEB46}.Release|Any CPU.ActiveCfg = Release|Any CPU
		{1A68E768-1F5B-44FC-9D61-361D075FEB46}.Release|Any CPU.Build.0 = Release|Any CPU
	EndGlobalSection
	GlobalSection(SolutionProperties) = preSolution
		HideSolutionNode = FALSE
	EndGlobalSection
	GlobalSection(ExtensibilityGlobals) = postSolution
		SolutionGuid = {EEF1C355-9E4F-4D2E-8BFD-E13DF60B995B}
	EndGlobalSection
EndGlobal
