
Microsoft Visual Studio Solution File, Format Version 12.00
# Visual Studio Version 17
VisualStudioVersion = 17.4.33213.308
MinimumVisualStudioVersion = 10.0.40219.1
Project("{FAE04EC0-301F-11D3-BF4B-00C04F79EFBC}") = "LINK_LABEL", "LINK_LABEL\LINK_LABEL.csproj", "{4324FB3E-BA85-46D3-BD7A-B7C085C5A9DE}"
EndProject
Global
	GlobalSection(SolutionConfigurationPlatforms) = preSolution
		Debug|Any CPU = Debug|Any CPU
		Release|Any CPU = Release|Any CPU
	EndGlobalSection
	GlobalSection(ProjectConfigurationPlatforms) = postSolution
		{4324FB3E-BA85-46D3-BD7A-B7C085C5A9DE}.Debug|Any CPU.ActiveCfg = Debug|Any CPU
		{4324FB3E-BA85-46D3-BD7A-B7C085C5A9DE}.Debug|Any CPU.Build.0 = Debug|Any CPU
		{4324FB3E-BA85-46D3-BD7A-B7C085C5A9DE}.Release|Any CPU.ActiveCfg = Release|Any CPU
		{4324FB3E-BA85-46D3-BD7A-B7C085C5A9DE}.Release|Any CPU.Build.0 = Release|Any CPU
	EndGlobalSection
	GlobalSection(SolutionProperties) = preSolution
		HideSolutionNode = FALSE
	EndGlobalSection
	GlobalSection(ExtensibilityGlobals) = postSolution
		SolutionGuid = {1E3F5241-EF8D-4B58-90D4-B61CC5B2B900}
	EndGlobalSection
EndGlobal
