
Microsoft Visual Studio Solution File, Format Version 12.00
# Visual Studio Version 17
VisualStudioVersion = 17.4.33213.308
MinimumVisualStudioVersion = 10.0.40219.1
Project("{FAE04EC0-301F-11D3-BF4B-00C04F79EFBC}") = "MOUSE_HOVER", "MOUSE_HOVER\MOUSE_HOVER.csproj", "{C7AAED4B-7A0E-46A0-87EB-DD354F09521F}"
EndProject
Global
	GlobalSection(SolutionConfigurationPlatforms) = preSolution
		Debug|Any CPU = Debug|Any CPU
		Release|Any CPU = Release|Any CPU
	EndGlobalSection
	GlobalSection(ProjectConfigurationPlatforms) = postSolution
		{C7AAED4B-7A0E-46A0-87EB-DD354F09521F}.Debug|Any CPU.ActiveCfg = Debug|Any CPU
		{C7AAED4B-7A0E-46A0-87EB-DD354F09521F}.Debug|Any CPU.Build.0 = Debug|Any CPU
		{C7AAED4B-7A0E-46A0-87EB-DD354F09521F}.Release|Any CPU.ActiveCfg = Release|Any CPU
		{C7AAED4B-7A0E-46A0-87EB-DD354F09521F}.Release|Any CPU.Build.0 = Release|Any CPU
	EndGlobalSection
	GlobalSection(SolutionProperties) = preSolution
		HideSolutionNode = FALSE
	EndGlobalSection
	GlobalSection(ExtensibilityGlobals) = postSolution
		SolutionGuid = {F59DBF89-BAE0-4056-AA83-BD6039F24CA5}
	EndGlobalSection
EndGlobal
