
Microsoft Visual Studio Solution File, Format Version 12.00
# Visual Studio Version 17
VisualStudioVersion = 17.4.33213.308
MinimumVisualStudioVersion = 10.0.40219.1
Project("{FAE04EC0-301F-11D3-BF4B-00C04F79EFBC}") = "My_First_Form", "My_First_Form\My_First_Form.csproj", "{0A2CC4D5-B616-475B-9DDF-EF8D95DD3D09}"
EndProject
Global
	GlobalSection(SolutionConfigurationPlatforms) = preSolution
		Debug|Any CPU = Debug|Any CPU
		Release|Any CPU = Release|Any CPU
	EndGlobalSection
	GlobalSection(ProjectConfigurationPlatforms) = postSolution
		{0A2CC4D5-B616-475B-9DDF-EF8D95DD3D09}.Debug|Any CPU.ActiveCfg = Debug|Any CPU
		{0A2CC4D5-B616-475B-9DDF-EF8D95DD3D09}.Debug|Any CPU.Build.0 = Debug|Any CPU
		{0A2CC4D5-B616-475B-9DDF-EF8D95DD3D09}.Release|Any CPU.ActiveCfg = Release|Any CPU
		{0A2CC4D5-B616-475B-9DDF-EF8D95DD3D09}.Release|Any CPU.Build.0 = Release|Any CPU
	EndGlobalSection
	GlobalSection(SolutionProperties) = preSolution
		HideSolutionNode = FALSE
	EndGlobalSection
	GlobalSection(ExtensibilityGlobals) = postSolution
		SolutionGuid = {3F779A85-2F10-4C82-AB4A-4B29331C89D9}
	EndGlobalSection
EndGlobal
