
Microsoft Visual Studio Solution File, Format Version 12.00
# Visual Studio Version 17
VisualStudioVersion = 17.4.33213.308
MinimumVisualStudioVersion = 10.0.40219.1
Project("{FAE04EC0-301F-11D3-BF4B-00C04F79EFBC}") = "CALCULATOR_WINFORM", "WindowsFormsApp1\CALCULATOR_WINFORM.csproj", "{240C87A7-BA1D-45C1-A888-550EA6313CAC}"
EndProject
Global
	GlobalSection(SolutionConfigurationPlatforms) = preSolution
		Debug|Any CPU = Debug|Any CPU
		Release|Any CPU = Release|Any CPU
	EndGlobalSection
	GlobalSection(ProjectConfigurationPlatforms) = postSolution
		{240C87A7-BA1D-45C1-A888-550EA6313CAC}.Debug|Any CPU.ActiveCfg = Debug|Any CPU
		{240C87A7-BA1D-45C1-A888-550EA6313CAC}.Debug|Any CPU.Build.0 = Debug|Any CPU
		{240C87A7-BA1D-45C1-A888-550EA6313CAC}.Release|Any CPU.ActiveCfg = Release|Any CPU
		{240C87A7-BA1D-45C1-A888-550EA6313CAC}.Release|Any CPU.Build.0 = Release|Any CPU
	EndGlobalSection
	GlobalSection(SolutionProperties) = preSolution
		HideSolutionNode = FALSE
	EndGlobalSection
	GlobalSection(ExtensibilityGlobals) = postSolution
		SolutionGuid = {6D211C95-469F-4EF4-A972-5636DEFDEB3C}
	EndGlobalSection
EndGlobal
