
Microsoft Visual Studio Solution File, Format Version 12.00
# Visual Studio Version 17
VisualStudioVersion = 17.4.33213.308
MinimumVisualStudioVersion = 10.0.40219.1
Project("{FAE04EC0-301F-11D3-BF4B-00C04F79EFBC}") = "UPDATE_LIST_BOX", "UPDATE_LIST_BOX\UPDATE_LIST_BOX.csproj", "{DEB3A7B2-4A23-401C-9957-11CCA1598027}"
EndProject
Global
	GlobalSection(SolutionConfigurationPlatforms) = preSolution
		Debug|Any CPU = Debug|Any CPU
		Release|Any CPU = Release|Any CPU
	EndGlobalSection
	GlobalSection(ProjectConfigurationPlatforms) = postSolution
		{DEB3A7B2-4A23-401C-9957-11CCA1598027}.Debug|Any CPU.ActiveCfg = Debug|Any CPU
		{DEB3A7B2-4A23-401C-9957-11CCA1598027}.Debug|Any CPU.Build.0 = Debug|Any CPU
		{DEB3A7B2-4A23-401C-9957-11CCA1598027}.Release|Any CPU.ActiveCfg = Release|Any CPU
		{DEB3A7B2-4A23-401C-9957-11CCA1598027}.Release|Any CPU.Build.0 = Release|Any CPU
	EndGlobalSection
	GlobalSection(SolutionProperties) = preSolution
		HideSolutionNode = FALSE
	EndGlobalSection
	GlobalSection(ExtensibilityGlobals) = postSolution
		SolutionGuid = {33E8CE65-CCB8-448A-8BFF-03A567F06643}
	EndGlobalSection
EndGlobal
