
Microsoft Visual Studio Solution File, Format Version 12.00
# Visual Studio Version 17
VisualStudioVersion = 17.4.33403.182
MinimumVisualStudioVersion = 10.0.40219.1
Project("{FAE04EC0-301F-11D3-BF4B-00C04F79EFBC}") = "CodeFirstApproachWinformEF", "CodeFirstApproachWinformEF\CodeFirstApproachWinformEF.csproj", "{3CA71578-399F-4C65-B250-23B77F892AA6}"
EndProject
Global
	GlobalSection(SolutionConfigurationPlatforms) = preSolution
		Debug|Any CPU = Debug|Any CPU
		Release|Any CPU = Release|Any CPU
	EndGlobalSection
	GlobalSection(ProjectConfigurationPlatforms) = postSolution
		{3CA71578-399F-4C65-B250-23B77F892AA6}.Debug|Any CPU.ActiveCfg = Debug|Any CPU
		{3CA71578-399F-4C65-B250-23B77F892AA6}.Debug|Any CPU.Build.0 = Debug|Any CPU
		{3CA71578-399F-4C65-B250-23B77F892AA6}.Release|Any CPU.ActiveCfg = Release|Any CPU
		{3CA71578-399F-4C65-B250-23B77F892AA6}.Release|Any CPU.Build.0 = Release|Any CPU
	EndGlobalSection
	GlobalSection(SolutionProperties) = preSolution
		HideSolutionNode = FALSE
	EndGlobalSection
	GlobalSection(ExtensibilityGlobals) = postSolution
		SolutionGuid = {F6A089F7-FA9C-4744-8F08-DC4AF0CE1B93}
	EndGlobalSection
EndGlobal
